
Microsoft Visual Studio Solution File, Format Version 12.00
# Visual Studio Version 17
VisualStudioVersion = 17.0.32112.339
MinimumVisualStudioVersion = 10.0.40219.1
Project("{FAE04EC0-301F-11D3-BF4B-00C04F79EFBC}") = "ListaDeExercicios4", "ListaDeExercicios4\ListaDeExercicios4.csproj", "{1904170E-37DB-4019-8C18-D18294CE0FF6}"
EndProject
Project("{FAE04EC0-301F-11D3-BF4B-00C04F79EFBC}") = "Lista4Exerc2", "Lista4Exerc2\Lista4Exerc2.csproj", "{E45B5F7D-1D0C-4B6D-8959-033B03BD48A2}"
EndProject
Project("{FAE04EC0-301F-11D3-BF4B-00C04F79EFBC}") = "Lista4Exerc3", "Lista4Exerc3\Lista4Exerc3.csproj", "{4EF1D141-B210-48B0-BF7F-4AF3E248D693}"
EndProject
Project("{FAE04EC0-301F-11D3-BF4B-00C04F79EFBC}") = "Lista4Exerc4", "Lista4Exerc4\Lista4Exerc4.csproj", "{38AEEC0F-7383-427F-A641-7C29837F268F}"
EndProject
Project("{FAE04EC0-301F-11D3-BF4B-00C04F79EFBC}") = "Lista4Exerc5", "Lista4Exerc5\Lista4Exerc5.csproj", "{49C6375C-129B-413C-9B70-C8BEF6E9834C}"
EndProject
Global
	GlobalSection(SolutionConfigurationPlatforms) = preSolution
		Debug|Any CPU = Debug|Any CPU
		Release|Any CPU = Release|Any CPU
	EndGlobalSection
	GlobalSection(ProjectConfigurationPlatforms) = postSolution
		{1904170E-37DB-4019-8C18-D18294CE0FF6}.Debug|Any CPU.ActiveCfg = Debug|Any CPU
		{1904170E-37DB-4019-8C18-D18294CE0FF6}.Debug|Any CPU.Build.0 = Debug|Any CPU
		{1904170E-37DB-4019-8C18-D18294CE0FF6}.Release|Any CPU.ActiveCfg = Release|Any CPU
		{1904170E-37DB-4019-8C18-D18294CE0FF6}.Release|Any CPU.Build.0 = Release|Any CPU
		{E45B5F7D-1D0C-4B6D-8959-033B03BD48A2}.Debug|Any CPU.ActiveCfg = Debug|Any CPU
		{E45B5F7D-1D0C-4B6D-8959-033B03BD48A2}.Debug|Any CPU.Build.0 = Debug|Any CPU
		{E45B5F7D-1D0C-4B6D-8959-033B03BD48A2}.Release|Any CPU.ActiveCfg = Release|Any CPU
		{E45B5F7D-1D0C-4B6D-8959-033B03BD48A2}.Release|Any CPU.Build.0 = Release|Any CPU
		{4EF1D141-B210-48B0-BF7F-4AF3E248D693}.Debug|Any CPU.ActiveCfg = Debug|Any CPU
		{4EF1D141-B210-48B0-BF7F-4AF3E248D693}.Debug|Any CPU.Build.0 = Debug|Any CPU
		{4EF1D141-B210-48B0-BF7F-4AF3E248D693}.Release|Any CPU.ActiveCfg = Release|Any CPU
		{4EF1D141-B210-48B0-BF7F-4AF3E248D693}.Release|Any CPU.Build.0 = Release|Any CPU
		{38AEEC0F-7383-427F-A641-7C29837F268F}.Debug|Any CPU.ActiveCfg = Debug|Any CPU
		{38AEEC0F-7383-427F-A641-7C29837F268F}.Debug|Any CPU.Build.0 = Debug|Any CPU
		{38AEEC0F-7383-427F-A641-7C29837F268F}.Release|Any CPU.ActiveCfg = Release|Any CPU
		{38AEEC0F-7383-427F-A641-7C29837F268F}.Release|Any CPU.Build.0 = Release|Any CPU
		{49C6375C-129B-413C-9B70-C8BEF6E9834C}.Debug|Any CPU.ActiveCfg = Debug|Any CPU
		{49C6375C-129B-413C-9B70-C8BEF6E9834C}.Debug|Any CPU.Build.0 = Debug|Any CPU
		{49C6375C-129B-413C-9B70-C8BEF6E9834C}.Release|Any CPU.ActiveCfg = Release|Any CPU
		{49C6375C-129B-413C-9B70-C8BEF6E9834C}.Release|Any CPU.Build.0 = Release|Any CPU
	EndGlobalSection
	GlobalSection(SolutionProperties) = preSolution
		HideSolutionNode = FALSE
	EndGlobalSection
	GlobalSection(ExtensibilityGlobals) = postSolution
		SolutionGuid = {1207D35C-0F91-4E83-B2B4-6B33B18820BA}
	EndGlobalSection
EndGlobal
